
Microsoft Visual Studio Solution File, Format Version 12.00
# Visual Studio Version 17
VisualStudioVersion = 17.0.32112.339
MinimumVisualStudioVersion = 10.0.40219.1
Project("{FAE04EC0-301F-11D3-BF4B-00C04F79EFBC}") = "area_de_un_triangulo", "area_de_un_triangulo\area_de_un_triangulo.csproj", "{9768C73E-2907-406B-8256-87313A5CE994}"
EndProject
Global
	GlobalSection(SolutionConfigurationPlatforms) = preSolution
		Debug|Any CPU = Debug|Any CPU
		Release|Any CPU = Release|Any CPU
	EndGlobalSection
	GlobalSection(ProjectConfigurationPlatforms) = postSolution
		{9768C73E-2907-406B-8256-87313A5CE994}.Debug|Any CPU.ActiveCfg = Debug|Any CPU
		{9768C73E-2907-406B-8256-87313A5CE994}.Debug|Any CPU.Build.0 = Debug|Any CPU
		{9768C73E-2907-406B-8256-87313A5CE994}.Release|Any CPU.ActiveCfg = Release|Any CPU
		{9768C73E-2907-406B-8256-87313A5CE994}.Release|Any CPU.Build.0 = Release|Any CPU
	EndGlobalSection
	GlobalSection(SolutionProperties) = preSolution
		HideSolutionNode = FALSE
	EndGlobalSection
	GlobalSection(ExtensibilityGlobals) = postSolution
		SolutionGuid = {A4281F43-C600-4D00-9E83-5CCDC0B736EC}
	EndGlobalSection
EndGlobal
